
Microsoft Visual Studio Solution File, Format Version 12.00
# Visual Studio Version 17
VisualStudioVersion = 17.4.33403.182
MinimumVisualStudioVersion = 10.0.40219.1
Project("{FAE04EC0-301F-11D3-BF4B-00C04F79EFBC}") = "RealTimeChatServer", "CodingChallenges\RealTimeChatServer.csproj", "{7D00F92F-1110-4D06-BE5F-07838C2FB7C8}"
EndProject
Project("{2150E333-8FDC-42A3-9474-1A3956D46DE8}") = "RealTimeChat", "RealTimeChat", "{4ED6C59B-EAF4-475D-A225-61A9C2714627}"
EndProject
Global
	GlobalSection(SolutionConfigurationPlatforms) = preSolution
		Debug|Any CPU = Debug|Any CPU
		Release|Any CPU = Release|Any CPU
	EndGlobalSection
	GlobalSection(ProjectConfigurationPlatforms) = postSolution
		{7D00F92F-1110-4D06-BE5F-07838C2FB7C8}.Debug|Any CPU.ActiveCfg = Debug|Any CPU
		{7D00F92F-1110-4D06-BE5F-07838C2FB7C8}.Debug|Any CPU.Build.0 = Debug|Any CPU
		{7D00F92F-1110-4D06-BE5F-07838C2FB7C8}.Release|Any CPU.ActiveCfg = Release|Any CPU
		{7D00F92F-1110-4D06-BE5F-07838C2FB7C8}.Release|Any CPU.Build.0 = Release|Any CPU
	EndGlobalSection
	GlobalSection(SolutionProperties) = preSolution
		HideSolutionNode = FALSE
	EndGlobalSection
	GlobalSection(NestedProjects) = preSolution
		{7D00F92F-1110-4D06-BE5F-07838C2FB7C8} = {4ED6C59B-EAF4-475D-A225-61A9C2714627}
	EndGlobalSection
	GlobalSection(ExtensibilityGlobals) = postSolution
		SolutionGuid = {6EAD65D6-DA61-4EBB-9E12-CC81D3B22F66}
	EndGlobalSection
EndGlobal
