
Microsoft Visual Studio Solution File, Format Version 12.00
# Visual Studio Version 17
VisualStudioVersion = 17.4.33403.182
MinimumVisualStudioVersion = 10.0.40219.1
Project("{9A19103F-16F7-4668-BE54-9A1E7A4F7556}") = "RealTimeChatServer", "RealTimeChat\RealTimeChatServer\RealTimeChatServer.csproj", "{7D00F92F-1110-4D06-BE5F-07838C2FB7C8}"
EndProject
Project("{2150E333-8FDC-42A3-9474-1A3956D46DE8}") = "RealTimeChat", "RealTimeChat", "{4ED6C59B-EAF4-475D-A225-61A9C2714627}"
EndProject
Project("{9A19103F-16F7-4668-BE54-9A1E7A4F7556}") = "RealTimeChatClient", "RealTimeChat\RealTimeChatClient\RealTimeChatClient.csproj", "{86DB5AE8-57F0-476F-B98F-D806AC0AC33C}"
EndProject
Project("{2150E333-8FDC-42A3-9474-1A3956D46DE8}") = "NATS", "NATS", "{DBBEB598-303D-49B5-907D-EA16EF7EDB1E}"
EndProject
Project("{FAE04EC0-301F-11D3-BF4B-00C04F79EFBC}") = "NATSParser", "NATS\NATSParser\NATSParser.csproj", "{EA47F07E-EA59-42C4-86EB-2E59911D07DF}"
EndProject
Project("{FAE04EC0-301F-11D3-BF4B-00C04F79EFBC}") = "NATSParser.Tests", "NATS\NATSParser.Tests\NATSParser.Tests.csproj", "{20A58D5F-197A-42E5-BD18-754253075A9E}"
EndProject
Global
	GlobalSection(SolutionConfigurationPlatforms) = preSolution
		Debug|Any CPU = Debug|Any CPU
		Release|Any CPU = Release|Any CPU
	EndGlobalSection
	GlobalSection(ProjectConfigurationPlatforms) = postSolution
		{7D00F92F-1110-4D06-BE5F-07838C2FB7C8}.Debug|Any CPU.ActiveCfg = Debug|Any CPU
		{7D00F92F-1110-4D06-BE5F-07838C2FB7C8}.Debug|Any CPU.Build.0 = Debug|Any CPU
		{7D00F92F-1110-4D06-BE5F-07838C2FB7C8}.Release|Any CPU.ActiveCfg = Release|Any CPU
		{7D00F92F-1110-4D06-BE5F-07838C2FB7C8}.Release|Any CPU.Build.0 = Release|Any CPU
		{86DB5AE8-57F0-476F-B98F-D806AC0AC33C}.Debug|Any CPU.ActiveCfg = Debug|Any CPU
		{86DB5AE8-57F0-476F-B98F-D806AC0AC33C}.Debug|Any CPU.Build.0 = Debug|Any CPU
		{86DB5AE8-57F0-476F-B98F-D806AC0AC33C}.Release|Any CPU.ActiveCfg = Release|Any CPU
		{86DB5AE8-57F0-476F-B98F-D806AC0AC33C}.Release|Any CPU.Build.0 = Release|Any CPU
		{EA47F07E-EA59-42C4-86EB-2E59911D07DF}.Debug|Any CPU.ActiveCfg = Debug|Any CPU
		{EA47F07E-EA59-42C4-86EB-2E59911D07DF}.Debug|Any CPU.Build.0 = Debug|Any CPU
		{EA47F07E-EA59-42C4-86EB-2E59911D07DF}.Release|Any CPU.ActiveCfg = Release|Any CPU
		{EA47F07E-EA59-42C4-86EB-2E59911D07DF}.Release|Any CPU.Build.0 = Release|Any CPU
		{20A58D5F-197A-42E5-BD18-754253075A9E}.Debug|Any CPU.ActiveCfg = Debug|Any CPU
		{20A58D5F-197A-42E5-BD18-754253075A9E}.Debug|Any CPU.Build.0 = Debug|Any CPU
		{20A58D5F-197A-42E5-BD18-754253075A9E}.Release|Any CPU.ActiveCfg = Release|Any CPU
		{20A58D5F-197A-42E5-BD18-754253075A9E}.Release|Any CPU.Build.0 = Release|Any CPU
	EndGlobalSection
	GlobalSection(SolutionProperties) = preSolution
		HideSolutionNode = FALSE
	EndGlobalSection
	GlobalSection(NestedProjects) = preSolution
		{7D00F92F-1110-4D06-BE5F-07838C2FB7C8} = {4ED6C59B-EAF4-475D-A225-61A9C2714627}
		{86DB5AE8-57F0-476F-B98F-D806AC0AC33C} = {4ED6C59B-EAF4-475D-A225-61A9C2714627}
		{EA47F07E-EA59-42C4-86EB-2E59911D07DF} = {DBBEB598-303D-49B5-907D-EA16EF7EDB1E}
		{20A58D5F-197A-42E5-BD18-754253075A9E} = {DBBEB598-303D-49B5-907D-EA16EF7EDB1E}
	EndGlobalSection
	GlobalSection(ExtensibilityGlobals) = postSolution
		SolutionGuid = {6EAD65D6-DA61-4EBB-9E12-CC81D3B22F66}
	EndGlobalSection
EndGlobal
